
Microsoft Visual Studio Solution File, Format Version 12.00
# Visual Studio Version 17
VisualStudioVersion = 17.14.36408.4 d17.14
MinimumVisualStudioVersion = 10.0.40219.1
Project("{FAE04EC0-301F-11D3-BF4B-00C04F79EFBC}") = "Healthcare System with Generics", "Healthcare System with Generics.csproj", "{69FAFF56-611F-4E1C-BAC3-B4825F3FEFA5}"
EndProject
Global
	GlobalSection(SolutionConfigurationPlatforms) = preSolution
		Debug|Any CPU = Debug|Any CPU
		Release|Any CPU = Release|Any CPU
	EndGlobalSection
	GlobalSection(ProjectConfigurationPlatforms) = postSolution
		{69FAFF56-611F-4E1C-BAC3-B4825F3FEFA5}.Debug|Any CPU.ActiveCfg = Debug|Any CPU
		{69FAFF56-611F-4E1C-BAC3-B4825F3FEFA5}.Debug|Any CPU.Build.0 = Debug|Any CPU
		{69FAFF56-611F-4E1C-BAC3-B4825F3FEFA5}.Release|Any CPU.ActiveCfg = Release|Any CPU
		{69FAFF56-611F-4E1C-BAC3-B4825F3FEFA5}.Release|Any CPU.Build.0 = Release|Any CPU
	EndGlobalSection
	GlobalSection(SolutionProperties) = preSolution
		HideSolutionNode = FALSE
	EndGlobalSection
	GlobalSection(ExtensibilityGlobals) = postSolution
		SolutionGuid = {6F3103E1-AE83-498D-82C5-F1588B1898B1}
	EndGlobalSection
EndGlobal
