
Microsoft Visual Studio Solution File, Format Version 12.00
# Visual Studio Version 17
VisualStudioVersion = 17.14.36408.4 d17.14
MinimumVisualStudioVersion = 10.0.40219.1
Project("{FAE04EC0-301F-11D3-BF4B-00C04F79EFBC}") = "Inventory Logger", "Inventory Logger.csproj", "{A36A62EE-487D-4422-90B7-28DB22003FF4}"
EndProject
Global
	GlobalSection(SolutionConfigurationPlatforms) = preSolution
		Debug|Any CPU = Debug|Any CPU
		Release|Any CPU = Release|Any CPU
	EndGlobalSection
	GlobalSection(ProjectConfigurationPlatforms) = postSolution
		{A36A62EE-487D-4422-90B7-28DB22003FF4}.Debug|Any CPU.ActiveCfg = Debug|Any CPU
		{A36A62EE-487D-4422-90B7-28DB22003FF4}.Debug|Any CPU.Build.0 = Debug|Any CPU
		{A36A62EE-487D-4422-90B7-28DB22003FF4}.Release|Any CPU.ActiveCfg = Release|Any CPU
		{A36A62EE-487D-4422-90B7-28DB22003FF4}.Release|Any CPU.Build.0 = Release|Any CPU
	EndGlobalSection
	GlobalSection(SolutionProperties) = preSolution
		HideSolutionNode = FALSE
	EndGlobalSection
	GlobalSection(ExtensibilityGlobals) = postSolution
		SolutionGuid = {96FDB7BE-715A-4205-A01C-821D2C1CA454}
	EndGlobalSection
EndGlobal
